{
  "name": "indiedevcasts",
  "version": "1.0.0",
  "lockfileVersion": 1,
  "requires": true,
  "dependencies": {
    "bulma": {
      "version": "0.7.1",
      "resolved": "https://registry.npmjs.org/bulma/-/bulma-0.7.1.tgz",
      "integrity": "sha512-wRSO2LXB+qI9Pyz2id+uZr4quz5aftSN7Ay1ysr1+krzVp3utD+Ci4CeKuZdrYGc800t65b7heXBL6qw2Wo/lQ=="
    },
    "bulma-checkradio": {
      "version": "2.1.0",
      "resolved": "https://registry.npmjs.org/bulma-checkradio/-/bulma-checkradio-2.1.0.tgz",
      "integrity": "sha512-u/EBioHqmeMaUyVc+P9ellOldIVER4SSzkCYo7+KOBAIZuRm6zRWKste8DAFfsk8sq2xrX16gKXr7vCy7NC0zw=="
    },
    "bulma-slider": {
      "version": "2.0.0",
      "resolved": "https://registry.npmjs.org/bulma-slider/-/bulma-slider-2.0.0.tgz",
      "integrity": "sha512-lXKMA/U43Fi1UnMkVYdNuEu0cGLo4JSWFUcnEyzNXkdpmDFic+d8H9oiaRoLbPiuGTC5SNoHMCP24T5544gnlQ=="
    }
  }
}
